
Microsoft Visual Studio Solution File, Format Version 12.00
# Visual Studio Version 16
VisualStudioVersion = 16.0.32630.194
MinimumVisualStudioVersion = 10.0.40219.1
Project("{8BC9CEB8-8B4A-11D0-8D11-00A0C91BC942}") = "C_Edu_02", "C_Edu_02\C_Edu_02.vcxproj", "{AE8D194E-3851-4AB9-B28F-D7A024304F78}"
EndProject
Global
	GlobalSection(SolutionConfigurationPlatforms) = preSolution
		Debug|x64 = Debug|x64
		Debug|x86 = Debug|x86
		Release|x64 = Release|x64
		Release|x86 = Release|x86
	EndGlobalSection
	GlobalSection(ProjectConfigurationPlatforms) = postSolution
		{AE8D194E-3851-4AB9-B28F-D7A024304F78}.Debug|x64.ActiveCfg = Debug|x64
		{AE8D194E-3851-4AB9-B28F-D7A024304F78}.Debug|x64.Build.0 = Debug|x64
		{AE8D194E-3851-4AB9-B28F-D7A024304F78}.Debug|x86.ActiveCfg = Debug|Win32
		{AE8D194E-3851-4AB9-B28F-D7A024304F78}.Debug|x86.Build.0 = Debug|Win32
		{AE8D194E-3851-4AB9-B28F-D7A024304F78}.Release|x64.ActiveCfg = Release|x64
		{AE8D194E-3851-4AB9-B28F-D7A024304F78}.Release|x64.Build.0 = Release|x64
		{AE8D194E-3851-4AB9-B28F-D7A024304F78}.Release|x86.ActiveCfg = Release|Win32
		{AE8D194E-3851-4AB9-B28F-D7A024304F78}.Release|x86.Build.0 = Release|Win32
	EndGlobalSection
	GlobalSection(SolutionProperties) = preSolution
		HideSolutionNode = FALSE
	EndGlobalSection
	GlobalSection(ExtensibilityGlobals) = postSolution
		SolutionGuid = {962CB0DC-0C09-4963-90D3-C07E34233BD3}
	EndGlobalSection
EndGlobal
