<?xml version="1.0" encoding="utf-8"?>
<Project ToolsVersion="4.0" xmlns="http://schemas.microsoft.com/developer/msbuild/2003">
  <ItemGroup>
    <Filter Include="소스 파일">
      <UniqueIdentifier>{4FC737F1-C7A5-4376-A066-2A32D752A2FF}</UniqueIdentifier>
      <Extensions>cpp;c;cc;cxx;c++;cppm;ixx;def;odl;idl;hpj;bat;asm;asmx</Extensions>
    </Filter>
    <Filter Include="헤더 파일">
      <UniqueIdentifier>{93995380-89BD-4b04-88EB-625FBE52EBFB}</UniqueIdentifier>
      <Extensions>h;hh;hpp;hxx;h++;hm;inl;inc;ipp;xsd</Extensions>
    </Filter>
    <Filter Include="리소스 파일">
      <UniqueIdentifier>{67DA6AB6-F800-4c08-8B7A-83BB121AAD01}</UniqueIdentifier>
      <Extensions>rc;ico;cur;bmp;dlg;rc2;rct;bin;rgs;gif;jpg;jpeg;jpe;resx;tiff;tif;png;wav;mfcribbon-ms</Extensions>
    </Filter>
    <Filter Include="리소스 파일\Object">
      <UniqueIdentifier>{678d6dd3-c93c-4269-bf1c-6e1d46939fce}</UniqueIdentifier>
    </Filter>
    <Filter Include="리소스 파일\Object\Alatreon">
      <UniqueIdentifier>{61152663-eccb-431b-b239-b9fe6ce8174c}</UniqueIdentifier>
    </Filter>
    <Filter Include="리소스 파일\DesignPattern">
      <UniqueIdentifier>{d8f952f1-927a-4376-a78a-6b8b6889d3fc}</UniqueIdentifier>
    </Filter>
    <Filter Include="리소스 파일\DesignPattern\Pattern">
      <UniqueIdentifier>{c9d77822-6703-4d42-a820-79217c194c83}</UniqueIdentifier>
    </Filter>
    <Filter Include="리소스 파일\DesignPattern\Pattern\ObjectPool">
      <UniqueIdentifier>{458bf1ff-3d24-48c9-8437-b6cb017e9031}</UniqueIdentifier>
    </Filter>
    <Filter Include="리소스 파일\DesignPattern\Prototype">
      <UniqueIdentifier>{6ab43fef-30e1-4632-bed3-90e7ec6fd99e}</UniqueIdentifier>
    </Filter>
  </ItemGroup>
  <ItemGroup>
    <ClCompile Include="Main.cpp">
      <Filter>소스 파일</Filter>
    </ClCompile>
    <ClCompile Include="Object.cpp">
      <Filter>리소스 파일\Object</Filter>
    </ClCompile>
    <ClCompile Include="Alatreon.cpp">
      <Filter>리소스 파일\Object\Alatreon</Filter>
    </ClCompile>
    <ClCompile Include="ObjectPool.cpp">
      <Filter>리소스 파일\DesignPattern\Pattern\ObjectPool</Filter>
    </ClCompile>
    <ClCompile Include="Prototype.cpp">
      <Filter>리소스 파일\DesignPattern\Prototype</Filter>
    </ClCompile>
  </ItemGroup>
  <ItemGroup>
    <ClInclude Include="Headers.h">
      <Filter>헤더 파일</Filter>
    </ClInclude>
    <ClInclude Include="Struct.h">
      <Filter>헤더 파일</Filter>
    </ClInclude>
    <ClInclude Include="Object.h">
      <Filter>리소스 파일\Object</Filter>
    </ClInclude>
    <ClInclude Include="Alatreon.h">
      <Filter>리소스 파일\Object\Alatreon</Filter>
    </ClInclude>
    <ClInclude Include="Main.h">
      <Filter>헤더 파일</Filter>
    </ClInclude>
    <ClInclude Include="ObjectPool.h">
      <Filter>리소스 파일\DesignPattern\Pattern\ObjectPool</Filter>
    </ClInclude>
    <ClInclude Include="Prototype.h">
      <Filter>리소스 파일\DesignPattern\Prototype</Filter>
    </ClInclude>
  </ItemGroup>
</Project>