<?xml version="1.0" encoding="utf-8"?>
<Project ToolsVersion="4.0" xmlns="http://schemas.microsoft.com/developer/msbuild/2003">
  <ItemGroup>
    <Filter Include="소스 파일">
      <UniqueIdentifier>{4FC737F1-C7A5-4376-A066-2A32D752A2FF}</UniqueIdentifier>
      <Extensions>cpp;c;cc;cxx;c++;cppm;ixx;def;odl;idl;hpj;bat;asm;asmx</Extensions>
    </Filter>
    <Filter Include="헤더 파일">
      <UniqueIdentifier>{93995380-89BD-4b04-88EB-625FBE52EBFB}</UniqueIdentifier>
      <Extensions>h;hh;hpp;hxx;h++;hm;inl;inc;ipp;xsd</Extensions>
    </Filter>
    <Filter Include="리소스 파일">
      <UniqueIdentifier>{67DA6AB6-F800-4c08-8B7A-83BB121AAD01}</UniqueIdentifier>
      <Extensions>rc;ico;cur;bmp;dlg;rc2;rct;bin;rgs;gif;jpg;jpeg;jpe;resx;tiff;tif;png;wav;mfcribbon-ms</Extensions>
    </Filter>
    <Filter Include="리소스 파일\Scene">
      <UniqueIdentifier>{0c36ae3a-6b7c-450d-bcc5-0306a60d5229}</UniqueIdentifier>
    </Filter>
    <Filter Include="리소스 파일\Scene\Logo">
      <UniqueIdentifier>{c7b452b4-a7ab-4f30-bd18-9f2ec7940369}</UniqueIdentifier>
    </Filter>
    <Filter Include="리소스 파일\Scene\Menu">
      <UniqueIdentifier>{55cedb3b-0290-4eae-bfb1-c80b7190f97a}</UniqueIdentifier>
    </Filter>
    <Filter Include="리소스 파일\Scene\Stage">
      <UniqueIdentifier>{82614458-7598-42a2-bed2-a18ca2557ff3}</UniqueIdentifier>
    </Filter>
    <Filter Include="리소스 파일\Object">
      <UniqueIdentifier>{7a7af4c0-b51c-4e8b-a4ab-6d8b5c594279}</UniqueIdentifier>
    </Filter>
    <Filter Include="리소스 파일\MainUpdate">
      <UniqueIdentifier>{de3976e5-d699-44bc-b9f9-839a250e9e9c}</UniqueIdentifier>
    </Filter>
    <Filter Include="리소스 파일\Child">
      <UniqueIdentifier>{a7e095c7-348e-4125-a821-31f340e67ed4}</UniqueIdentifier>
    </Filter>
    <Filter Include="리소스 파일\Object\Player">
      <UniqueIdentifier>{273a1084-7aed-4a58-acda-cc34375e50e4}</UniqueIdentifier>
    </Filter>
    <Filter Include="리소스 파일\Manager">
      <UniqueIdentifier>{f7d9bfee-e048-4c6a-b32c-f0f0a419e818}</UniqueIdentifier>
    </Filter>
    <Filter Include="리소스 파일\Manager\CursorManager">
      <UniqueIdentifier>{c53dfd5d-9dc1-457c-ad37-16ac15f589b3}</UniqueIdentifier>
    </Filter>
    <Filter Include="리소스 파일\Manager\ObjectManager">
      <UniqueIdentifier>{fc354d57-6ea9-44a4-9566-b40eaadfda30}</UniqueIdentifier>
    </Filter>
    <Filter Include="리소스 파일\Manager\SceneManager">
      <UniqueIdentifier>{ec22d857-09bd-434e-abde-586f08499153}</UniqueIdentifier>
    </Filter>
  </ItemGroup>
  <ItemGroup>
    <ClCompile Include="Main.cpp">
      <Filter>소스 파일</Filter>
    </ClCompile>
    <ClCompile Include="Scene.cpp">
      <Filter>리소스 파일\Scene</Filter>
    </ClCompile>
    <ClCompile Include="SceneManager.cpp">
      <Filter>리소스 파일\Manager\SceneManager</Filter>
    </ClCompile>
    <ClCompile Include="Stage.cpp">
      <Filter>리소스 파일\Scene\Stage</Filter>
    </ClCompile>
    <ClCompile Include="Menu.cpp">
      <Filter>리소스 파일\Scene\Menu</Filter>
    </ClCompile>
    <ClCompile Include="Logo.cpp">
      <Filter>리소스 파일\Scene\Logo</Filter>
    </ClCompile>
    <ClCompile Include="MainUpdate.cpp">
      <Filter>리소스 파일\MainUpdate</Filter>
    </ClCompile>
    <ClCompile Include="Object.cpp">
      <Filter>리소스 파일\Object</Filter>
    </ClCompile>
    <ClCompile Include="Child.cpp">
      <Filter>리소스 파일\Child</Filter>
    </ClCompile>
    <ClCompile Include="ObjectManager.cpp">
      <Filter>리소스 파일\Manager\ObjectManager</Filter>
    </ClCompile>
    <ClCompile Include="Player.cpp">
      <Filter>리소스 파일\Object\Player</Filter>
    </ClCompile>
  </ItemGroup>
  <ItemGroup>
    <ClInclude Include="Headers.h">
      <Filter>헤더 파일</Filter>
    </ClInclude>
    <ClInclude Include="Struct.h">
      <Filter>헤더 파일</Filter>
    </ClInclude>
    <ClInclude Include="Enum.h">
      <Filter>헤더 파일</Filter>
    </ClInclude>
    <ClInclude Include="Scene.h">
      <Filter>리소스 파일\Scene</Filter>
    </ClInclude>
    <ClInclude Include="SceneManager.h">
      <Filter>리소스 파일\Manager\SceneManager</Filter>
    </ClInclude>
    <ClInclude Include="Stage.h">
      <Filter>리소스 파일\Scene\Stage</Filter>
    </ClInclude>
    <ClInclude Include="Menu.h">
      <Filter>리소스 파일\Scene\Menu</Filter>
    </ClInclude>
    <ClInclude Include="Logo.h">
      <Filter>리소스 파일\Scene\Logo</Filter>
    </ClInclude>
    <ClInclude Include="MainUpdate.h">
      <Filter>리소스 파일\MainUpdate</Filter>
    </ClInclude>
    <ClInclude Include="Object.h">
      <Filter>리소스 파일\Object</Filter>
    </ClInclude>
    <ClInclude Include="Child.h">
      <Filter>리소스 파일\Child</Filter>
    </ClInclude>
    <ClInclude Include="ObjectManager.h">
      <Filter>리소스 파일\Manager\ObjectManager</Filter>
    </ClInclude>
    <ClInclude Include="Player.h">
      <Filter>리소스 파일\Object\Player</Filter>
    </ClInclude>
    <ClInclude Include="CursorManager.h">
      <Filter>리소스 파일\Manager\CursorManager</Filter>
    </ClInclude>
  </ItemGroup>
</Project>